
Microsoft Visual Studio Solution File, Format Version 12.00
# Visual Studio Version 16
VisualStudioVersion = 16.0.31410.357
MinimumVisualStudioVersion = 10.0.40219.1
Project("{9A19103F-16F7-4668-BE54-9A1E7A4F7556}") = "SomeKindOfShop", "SomeKindOfShop\SomeKindOfShop.csproj", "{975D882F-704E-4467-B3E5-17A49EA44404}"
EndProject
Global
	GlobalSection(SolutionConfigurationPlatforms) = preSolution
		Debug|Any CPU = Debug|Any CPU
		Release|Any CPU = Release|Any CPU
	EndGlobalSection
	GlobalSection(ProjectConfigurationPlatforms) = postSolution
		{975D882F-704E-4467-B3E5-17A49EA44404}.Debug|Any CPU.ActiveCfg = Debug|Any CPU
		{975D882F-704E-4467-B3E5-17A49EA44404}.Debug|Any CPU.Build.0 = Debug|Any CPU
		{975D882F-704E-4467-B3E5-17A49EA44404}.Release|Any CPU.ActiveCfg = Release|Any CPU
		{975D882F-704E-4467-B3E5-17A49EA44404}.Release|Any CPU.Build.0 = Release|Any CPU
	EndGlobalSection
	GlobalSection(SolutionProperties) = preSolution
		HideSolutionNode = FALSE
	EndGlobalSection
	GlobalSection(ExtensibilityGlobals) = postSolution
		SolutionGuid = {043E5D2C-FAD2-4137-B29C-EE0B17C48EDC}
	EndGlobalSection
EndGlobal
